
Microsoft Visual Studio Solution File, Format Version 12.00
# Visual Studio 15
VisualStudioVersion = 15.0.28307.271
MinimumVisualStudioVersion = 10.0.40219.1
Project("{8BC9CEB8-8B4A-11D0-8D11-00A0C91BC942}") = "Trie", "Trie\Trie.vcxproj", "{D7FCD008-D817-4AB6-8D85-F1A582D31076}"
EndProject
Global
	GlobalSection(SolutionConfigurationPlatforms) = preSolution
		Debug|x64 = Debug|x64
		Debug|x86 = Debug|x86
		Release|x64 = Release|x64
		Release|x86 = Release|x86
	EndGlobalSection
	GlobalSection(ProjectConfigurationPlatforms) = postSolution
		{D7FCD008-D817-4AB6-8D85-F1A582D31076}.Debug|x64.ActiveCfg = Debug|x64
		{D7FCD008-D817-4AB6-8D85-F1A582D31076}.Debug|x64.Build.0 = Debug|x64
		{D7FCD008-D817-4AB6-8D85-F1A582D31076}.Debug|x86.ActiveCfg = Debug|Win32
		{D7FCD008-D817-4AB6-8D85-F1A582D31076}.Debug|x86.Build.0 = Debug|Win32
		{D7FCD008-D817-4AB6-8D85-F1A582D31076}.Release|x64.ActiveCfg = Release|x64
		{D7FCD008-D817-4AB6-8D85-F1A582D31076}.Release|x64.Build.0 = Release|x64
		{D7FCD008-D817-4AB6-8D85-F1A582D31076}.Release|x86.ActiveCfg = Release|Win32
		{D7FCD008-D817-4AB6-8D85-F1A582D31076}.Release|x86.Build.0 = Release|Win32
	EndGlobalSection
	GlobalSection(SolutionProperties) = preSolution
		HideSolutionNode = FALSE
	EndGlobalSection
	GlobalSection(ExtensibilityGlobals) = postSolution
		SolutionGuid = {DD62138E-325E-4F06-9740-2D93EF5288A8}
	EndGlobalSection
EndGlobal
